
Microsoft Visual Studio Solution File, Format Version 12.00
# Visual Studio Version 17
VisualStudioVersion = 17.0.31903.59
MinimumVisualStudioVersion = 10.0.40219.1
Project("{2150E333-8FDC-42A3-9474-1A3956D46DE8}") = "src", "src", "{827E0CD3-B72D-47B6-A68D-7590B98EB39B}"
EndProject
Project("{FAE04EC0-301F-11D3-BF4B-00C04F79EFBC}") = "Domain", "src\Domain\Domain.csproj", "{E90BC01B-2F76-460D-97A6-CA272DAB4F65}"
EndProject
Project("{FAE04EC0-301F-11D3-BF4B-00C04F79EFBC}") = "Application", "src\Application\Application.csproj", "{EB4C6F82-7230-4C7C-962A-ECD509E8AA37}"
EndProject
Project("{FAE04EC0-301F-11D3-BF4B-00C04F79EFBC}") = "Infrastructure", "src\Infrastructure\Infrastructure.csproj", "{8DA63600-9F87-4685-B5F7-261529C41D7B}"
EndProject
Project("{FAE04EC0-301F-11D3-BF4B-00C04F79EFBC}") = "Presintation", "src\Presintation\Presintation.csproj", "{45052D34-F757-4F69-903B-D28288FB65F7}"
EndProject
Project("{2150E333-8FDC-42A3-9474-1A3956D46DE8}") = "tests", "tests", "{0AB3BF05-4346-4AA6-1389-037BE0695223}"
EndProject
Project("{FAE04EC0-301F-11D3-BF4B-00C04F79EFBC}") = "Domain.Tests", "tests\Domain.Tests\Domain.Tests.csproj", "{D8FC9131-FB54-48AA-9CA6-21BAD78DD864}"
EndProject
Project("{FAE04EC0-301F-11D3-BF4B-00C04F79EFBC}") = "Application.Tests", "tests\Application.Tests\Application.Tests.csproj", "{87C1497F-827F-47CB-882E-4BEAA2EFD339}"
EndProject
Project("{FAE04EC0-301F-11D3-BF4B-00C04F79EFBC}") = "WebAPI.Tests", "tests\WebAPI.Tests\WebAPI.Tests.csproj", "{DB24D9E3-F25A-4A77-8C99-D07462EAEA7E}"
EndProject
Global
	GlobalSection(SolutionConfigurationPlatforms) = preSolution
		Debug|Any CPU = Debug|Any CPU
		Debug|x64 = Debug|x64
		Debug|x86 = Debug|x86
		Release|Any CPU = Release|Any CPU
		Release|x64 = Release|x64
		Release|x86 = Release|x86
	EndGlobalSection
	GlobalSection(ProjectConfigurationPlatforms) = postSolution
		{E90BC01B-2F76-460D-97A6-CA272DAB4F65}.Debug|Any CPU.ActiveCfg = Debug|Any CPU
		{E90BC01B-2F76-460D-97A6-CA272DAB4F65}.Debug|Any CPU.Build.0 = Debug|Any CPU
		{E90BC01B-2F76-460D-97A6-CA272DAB4F65}.Debug|x64.ActiveCfg = Debug|Any CPU
		{E90BC01B-2F76-460D-97A6-CA272DAB4F65}.Debug|x64.Build.0 = Debug|Any CPU
		{E90BC01B-2F76-460D-97A6-CA272DAB4F65}.Debug|x86.ActiveCfg = Debug|Any CPU
		{E90BC01B-2F76-460D-97A6-CA272DAB4F65}.Debug|x86.Build.0 = Debug|Any CPU
		{E90BC01B-2F76-460D-97A6-CA272DAB4F65}.Release|Any CPU.ActiveCfg = Release|Any CPU
		{E90BC01B-2F76-460D-97A6-CA272DAB4F65}.Release|Any CPU.Build.0 = Release|Any CPU
		{E90BC01B-2F76-460D-97A6-CA272DAB4F65}.Release|x64.ActiveCfg = Release|Any CPU
		{E90BC01B-2F76-460D-97A6-CA272DAB4F65}.Release|x64.Build.0 = Release|Any CPU
		{E90BC01B-2F76-460D-97A6-CA272DAB4F65}.Release|x86.ActiveCfg = Release|Any CPU
		{E90BC01B-2F76-460D-97A6-CA272DAB4F65}.Release|x86.Build.0 = Release|Any CPU
		{EB4C6F82-7230-4C7C-962A-ECD509E8AA37}.Debug|Any CPU.ActiveCfg = Debug|Any CPU
		{EB4C6F82-7230-4C7C-962A-ECD509E8AA37}.Debug|Any CPU.Build.0 = Debug|Any CPU
		{EB4C6F82-7230-4C7C-962A-ECD509E8AA37}.Debug|x64.ActiveCfg = Debug|Any CPU
		{EB4C6F82-7230-4C7C-962A-ECD509E8AA37}.Debug|x64.Build.0 = Debug|Any CPU
		{EB4C6F82-7230-4C7C-962A-ECD509E8AA37}.Debug|x86.ActiveCfg = Debug|Any CPU
		{EB4C6F82-7230-4C7C-962A-ECD509E8AA37}.Debug|x86.Build.0 = Debug|Any CPU
		{EB4C6F82-7230-4C7C-962A-ECD509E8AA37}.Release|Any CPU.ActiveCfg = Release|Any CPU
		{EB4C6F82-7230-4C7C-962A-ECD509E8AA37}.Release|Any CPU.Build.0 = Release|Any CPU
		{EB4C6F82-7230-4C7C-962A-ECD509E8AA37}.Release|x64.ActiveCfg = Release|Any CPU
		{EB4C6F82-7230-4C7C-962A-ECD509E8AA37}.Release|x64.Build.0 = Release|Any CPU
		{EB4C6F82-7230-4C7C-962A-ECD509E8AA37}.Release|x86.ActiveCfg = Release|Any CPU
		{EB4C6F82-7230-4C7C-962A-ECD509E8AA37}.Release|x86.Build.0 = Release|Any CPU
		{8DA63600-9F87-4685-B5F7-261529C41D7B}.Debug|Any CPU.ActiveCfg = Debug|Any CPU
		{8DA63600-9F87-4685-B5F7-261529C41D7B}.Debug|Any CPU.Build.0 = Debug|Any CPU
		{8DA63600-9F87-4685-B5F7-261529C41D7B}.Debug|x64.ActiveCfg = Debug|Any CPU
		{8DA63600-9F87-4685-B5F7-261529C41D7B}.Debug|x64.Build.0 = Debug|Any CPU
		{8DA63600-9F87-4685-B5F7-261529C41D7B}.Debug|x86.ActiveCfg = Debug|Any CPU
		{8DA63600-9F87-4685-B5F7-261529C41D7B}.Debug|x86.Build.0 = Debug|Any CPU
		{8DA63600-9F87-4685-B5F7-261529C41D7B}.Release|Any CPU.ActiveCfg = Release|Any CPU
		{8DA63600-9F87-4685-B5F7-261529C41D7B}.Release|Any CPU.Build.0 = Release|Any CPU
		{8DA63600-9F87-4685-B5F7-261529C41D7B}.Release|x64.ActiveCfg = Release|Any CPU
		{8DA63600-9F87-4685-B5F7-261529C41D7B}.Release|x64.Build.0 = Release|Any CPU
		{8DA63600-9F87-4685-B5F7-261529C41D7B}.Release|x86.ActiveCfg = Release|Any CPU
		{8DA63600-9F87-4685-B5F7-261529C41D7B}.Release|x86.Build.0 = Release|Any CPU
		{45052D34-F757-4F69-903B-D28288FB65F7}.Debug|Any CPU.ActiveCfg = Debug|Any CPU
		{45052D34-F757-4F69-903B-D28288FB65F7}.Debug|Any CPU.Build.0 = Debug|Any CPU
		{45052D34-F757-4F69-903B-D28288FB65F7}.Debug|x64.ActiveCfg = Debug|Any CPU
		{45052D34-F757-4F69-903B-D28288FB65F7}.Debug|x64.Build.0 = Debug|Any CPU
		{45052D34-F757-4F69-903B-D28288FB65F7}.Debug|x86.ActiveCfg = Debug|Any CPU
		{45052D34-F757-4F69-903B-D28288FB65F7}.Debug|x86.Build.0 = Debug|Any CPU
		{45052D34-F757-4F69-903B-D28288FB65F7}.Release|Any CPU.ActiveCfg = Release|Any CPU
		{45052D34-F757-4F69-903B-D28288FB65F7}.Release|Any CPU.Build.0 = Release|Any CPU
		{45052D34-F757-4F69-903B-D28288FB65F7}.Release|x64.ActiveCfg = Release|Any CPU
		{45052D34-F757-4F69-903B-D28288FB65F7}.Release|x64.Build.0 = Release|Any CPU
		{45052D34-F757-4F69-903B-D28288FB65F7}.Release|x86.ActiveCfg = Release|Any CPU
		{45052D34-F757-4F69-903B-D28288FB65F7}.Release|x86.Build.0 = Release|Any CPU
		{D8FC9131-FB54-48AA-9CA6-21BAD78DD864}.Debug|Any CPU.ActiveCfg = Debug|Any CPU
		{D8FC9131-FB54-48AA-9CA6-21BAD78DD864}.Debug|Any CPU.Build.0 = Debug|Any CPU
		{D8FC9131-FB54-48AA-9CA6-21BAD78DD864}.Debug|x64.ActiveCfg = Debug|Any CPU
		{D8FC9131-FB54-48AA-9CA6-21BAD78DD864}.Debug|x64.Build.0 = Debug|Any CPU
		{D8FC9131-FB54-48AA-9CA6-21BAD78DD864}.Debug|x86.ActiveCfg = Debug|Any CPU
		{D8FC9131-FB54-48AA-9CA6-21BAD78DD864}.Debug|x86.Build.0 = Debug|Any CPU
		{D8FC9131-FB54-48AA-9CA6-21BAD78DD864}.Release|Any CPU.ActiveCfg = Release|Any CPU
		{D8FC9131-FB54-48AA-9CA6-21BAD78DD864}.Release|Any CPU.Build.0 = Release|Any CPU
		{D8FC9131-FB54-48AA-9CA6-21BAD78DD864}.Release|x64.ActiveCfg = Release|Any CPU
		{D8FC9131-FB54-48AA-9CA6-21BAD78DD864}.Release|x64.Build.0 = Release|Any CPU
		{D8FC9131-FB54-48AA-9CA6-21BAD78DD864}.Release|x86.ActiveCfg = Release|Any CPU
		{D8FC9131-FB54-48AA-9CA6-21BAD78DD864}.Release|x86.Build.0 = Release|Any CPU
		{87C1497F-827F-47CB-882E-4BEAA2EFD339}.Debug|Any CPU.ActiveCfg = Debug|Any CPU
		{87C1497F-827F-47CB-882E-4BEAA2EFD339}.Debug|Any CPU.Build.0 = Debug|Any CPU
		{87C1497F-827F-47CB-882E-4BEAA2EFD339}.Debug|x64.ActiveCfg = Debug|Any CPU
		{87C1497F-827F-47CB-882E-4BEAA2EFD339}.Debug|x64.Build.0 = Debug|Any CPU
		{87C1497F-827F-47CB-882E-4BEAA2EFD339}.Debug|x86.ActiveCfg = Debug|Any CPU
		{87C1497F-827F-47CB-882E-4BEAA2EFD339}.Debug|x86.Build.0 = Debug|Any CPU
		{87C1497F-827F-47CB-882E-4BEAA2EFD339}.Release|Any CPU.ActiveCfg = Release|Any CPU
		{87C1497F-827F-47CB-882E-4BEAA2EFD339}.Release|Any CPU.Build.0 = Release|Any CPU
		{87C1497F-827F-47CB-882E-4BEAA2EFD339}.Release|x64.ActiveCfg = Release|Any CPU
		{87C1497F-827F-47CB-882E-4BEAA2EFD339}.Release|x64.Build.0 = Release|Any CPU
		{87C1497F-827F-47CB-882E-4BEAA2EFD339}.Release|x86.ActiveCfg = Release|Any CPU
		{87C1497F-827F-47CB-882E-4BEAA2EFD339}.Release|x86.Build.0 = Release|Any CPU
		{DB24D9E3-F25A-4A77-8C99-D07462EAEA7E}.Debug|Any CPU.ActiveCfg = Debug|Any CPU
		{DB24D9E3-F25A-4A77-8C99-D07462EAEA7E}.Debug|Any CPU.Build.0 = Debug|Any CPU
		{DB24D9E3-F25A-4A77-8C99-D07462EAEA7E}.Debug|x64.ActiveCfg = Debug|Any CPU
		{DB24D9E3-F25A-4A77-8C99-D07462EAEA7E}.Debug|x64.Build.0 = Debug|Any CPU
		{DB24D9E3-F25A-4A77-8C99-D07462EAEA7E}.Debug|x86.ActiveCfg = Debug|Any CPU
		{DB24D9E3-F25A-4A77-8C99-D07462EAEA7E}.Debug|x86.Build.0 = Debug|Any CPU
		{DB24D9E3-F25A-4A77-8C99-D07462EAEA7E}.Release|Any CPU.ActiveCfg = Release|Any CPU
		{DB24D9E3-F25A-4A77-8C99-D07462EAEA7E}.Release|Any CPU.Build.0 = Release|Any CPU
		{DB24D9E3-F25A-4A77-8C99-D07462EAEA7E}.Release|x64.ActiveCfg = Release|Any CPU
		{DB24D9E3-F25A-4A77-8C99-D07462EAEA7E}.Release|x64.Build.0 = Release|Any CPU
		{DB24D9E3-F25A-4A77-8C99-D07462EAEA7E}.Release|x86.ActiveCfg = Release|Any CPU
		{DB24D9E3-F25A-4A77-8C99-D07462EAEA7E}.Release|x86.Build.0 = Release|Any CPU
	EndGlobalSection
	GlobalSection(SolutionProperties) = preSolution
		HideSolutionNode = FALSE
	EndGlobalSection
	GlobalSection(NestedProjects) = preSolution
		{E90BC01B-2F76-460D-97A6-CA272DAB4F65} = {827E0CD3-B72D-47B6-A68D-7590B98EB39B}
		{EB4C6F82-7230-4C7C-962A-ECD509E8AA37} = {827E0CD3-B72D-47B6-A68D-7590B98EB39B}
		{8DA63600-9F87-4685-B5F7-261529C41D7B} = {827E0CD3-B72D-47B6-A68D-7590B98EB39B}
		{45052D34-F757-4F69-903B-D28288FB65F7} = {827E0CD3-B72D-47B6-A68D-7590B98EB39B}
		{D8FC9131-FB54-48AA-9CA6-21BAD78DD864} = {0AB3BF05-4346-4AA6-1389-037BE0695223}
		{87C1497F-827F-47CB-882E-4BEAA2EFD339} = {0AB3BF05-4346-4AA6-1389-037BE0695223}
		{DB24D9E3-F25A-4A77-8C99-D07462EAEA7E} = {0AB3BF05-4346-4AA6-1389-037BE0695223}
	EndGlobalSection
EndGlobal